
Microsoft Visual Studio Solution File, Format Version 12.00
# Visual Studio 14
VisualStudioVersion = 14.0.25420.1
MinimumVisualStudioVersion = 10.0.40219.1
Project("{8BC9CEB8-8B4A-11D0-8D11-00A0C91BC942}") = "1주", "2018.03.06\2018.03.06.vcxproj", "{DFA6171B-F578-42D0-B37B-21712513DF95}"
EndProject
Project("{8BC9CEB8-8B4A-11D0-8D11-00A0C91BC942}") = "2주", "2주\2주.vcxproj", "{ECB946B8-F581-401E-82C4-4A29C22A6384}"
EndProject
Project("{8BC9CEB8-8B4A-11D0-8D11-00A0C91BC942}") = "3주", "3주\3주.vcxproj", "{76485612-4FD6-44D2-A010-FB6312945067}"
EndProject
Project("{8BC9CEB8-8B4A-11D0-8D11-00A0C91BC942}") = "Class 복습", "Class 복습\Class 복습.vcxproj", "{A21E493A-8885-4040-A72C-4708B66A443D}"
EndProject
Project("{8BC9CEB8-8B4A-11D0-8D11-00A0C91BC942}") = "5주", "5주\5주.vcxproj", "{4A00713E-D76F-41E4-B548-E5180FE9DFED}"
EndProject
Project("{8BC9CEB8-8B4A-11D0-8D11-00A0C91BC942}") = "6주", "6주\6주.vcxproj", "{A409C83D-2ED5-4FC0-AF9E-03B859C94D0B}"
EndProject
Project("{8BC9CEB8-8B4A-11D0-8D11-00A0C91BC942}") = "7주", "7주\7주.vcxproj", "{D4A41485-8F07-4A21-8340-3611068D443A}"
EndProject
Project("{8BC9CEB8-8B4A-11D0-8D11-00A0C91BC942}") = "8주", "8주\8주.vcxproj", "{0088F864-4449-4271-8BB6-A165F68C46B6}"
EndProject
Project("{8BC9CEB8-8B4A-11D0-8D11-00A0C91BC942}") = "9주", "9주\9주.vcxproj", "{378C52A1-ECB4-405D-8521-51311486B197}"
EndProject
Global
	GlobalSection(SolutionConfigurationPlatforms) = preSolution
		Debug|x64 = Debug|x64
		Debug|x86 = Debug|x86
		Release|x64 = Release|x64
		Release|x86 = Release|x86
	EndGlobalSection
	GlobalSection(ProjectConfigurationPlatforms) = postSolution
		{DFA6171B-F578-42D0-B37B-21712513DF95}.Debug|x64.ActiveCfg = Debug|x64
		{DFA6171B-F578-42D0-B37B-21712513DF95}.Debug|x64.Build.0 = Debug|x64
		{DFA6171B-F578-42D0-B37B-21712513DF95}.Debug|x86.ActiveCfg = Debug|Win32
		{DFA6171B-F578-42D0-B37B-21712513DF95}.Debug|x86.Build.0 = Debug|Win32
		{DFA6171B-F578-42D0-B37B-21712513DF95}.Release|x64.ActiveCfg = Release|x64
		{DFA6171B-F578-42D0-B37B-21712513DF95}.Release|x64.Build.0 = Release|x64
		{DFA6171B-F578-42D0-B37B-21712513DF95}.Release|x86.ActiveCfg = Release|Win32
		{DFA6171B-F578-42D0-B37B-21712513DF95}.Release|x86.Build.0 = Release|Win32
		{ECB946B8-F581-401E-82C4-4A29C22A6384}.Debug|x64.ActiveCfg = Debug|x64
		{ECB946B8-F581-401E-82C4-4A29C22A6384}.Debug|x64.Build.0 = Debug|x64
		{ECB946B8-F581-401E-82C4-4A29C22A6384}.Debug|x86.ActiveCfg = Debug|Win32
		{ECB946B8-F581-401E-82C4-4A29C22A6384}.Debug|x86.Build.0 = Debug|Win32
		{ECB946B8-F581-401E-82C4-4A29C22A6384}.Release|x64.ActiveCfg = Release|x64
		{ECB946B8-F581-401E-82C4-4A29C22A6384}.Release|x64.Build.0 = Release|x64
		{ECB946B8-F581-401E-82C4-4A29C22A6384}.Release|x86.ActiveCfg = Release|Win32
		{ECB946B8-F581-401E-82C4-4A29C22A6384}.Release|x86.Build.0 = Release|Win32
		{76485612-4FD6-44D2-A010-FB6312945067}.Debug|x64.ActiveCfg = Debug|x64
		{76485612-4FD6-44D2-A010-FB6312945067}.Debug|x64.Build.0 = Debug|x64
		{76485612-4FD6-44D2-A010-FB6312945067}.Debug|x86.ActiveCfg = Debug|Win32
		{76485612-4FD6-44D2-A010-FB6312945067}.Debug|x86.Build.0 = Debug|Win32
		{76485612-4FD6-44D2-A010-FB6312945067}.Release|x64.ActiveCfg = Release|x64
		{76485612-4FD6-44D2-A010-FB6312945067}.Release|x64.Build.0 = Release|x64
		{76485612-4FD6-44D2-A010-FB6312945067}.Release|x86.ActiveCfg = Release|Win32
		{76485612-4FD6-44D2-A010-FB6312945067}.Release|x86.Build.0 = Release|Win32
		{A21E493A-8885-4040-A72C-4708B66A443D}.Debug|x64.ActiveCfg = Debug|x64
		{A21E493A-8885-4040-A72C-4708B66A443D}.Debug|x64.Build.0 = Debug|x64
		{A21E493A-8885-4040-A72C-4708B66A443D}.Debug|x86.ActiveCfg = Debug|Win32
		{A21E493A-8885-4040-A72C-4708B66A443D}.Debug|x86.Build.0 = Debug|Win32
		{A21E493A-8885-4040-A72C-4708B66A443D}.Release|x64.ActiveCfg = Release|x64
		{A21E493A-8885-4040-A72C-4708B66A443D}.Release|x64.Build.0 = Release|x64
		{A21E493A-8885-4040-A72C-4708B66A443D}.Release|x86.ActiveCfg = Release|Win32
		{A21E493A-8885-4040-A72C-4708B66A443D}.Release|x86.Build.0 = Release|Win32
		{4A00713E-D76F-41E4-B548-E5180FE9DFED}.Debug|x64.ActiveCfg = Debug|x64
		{4A00713E-D76F-41E4-B548-E5180FE9DFED}.Debug|x64.Build.0 = Debug|x64
		{4A00713E-D76F-41E4-B548-E5180FE9DFED}.Debug|x86.ActiveCfg = Debug|Win32
		{4A00713E-D76F-41E4-B548-E5180FE9DFED}.Debug|x86.Build.0 = Debug|Win32
		{4A00713E-D76F-41E4-B548-E5180FE9DFED}.Release|x64.ActiveCfg = Release|x64
		{4A00713E-D76F-41E4-B548-E5180FE9DFED}.Release|x64.Build.0 = Release|x64
		{4A00713E-D76F-41E4-B548-E5180FE9DFED}.Release|x86.ActiveCfg = Release|Win32
		{4A00713E-D76F-41E4-B548-E5180FE9DFED}.Release|x86.Build.0 = Release|Win32
		{A409C83D-2ED5-4FC0-AF9E-03B859C94D0B}.Debug|x64.ActiveCfg = Debug|x64
		{A409C83D-2ED5-4FC0-AF9E-03B859C94D0B}.Debug|x64.Build.0 = Debug|x64
		{A409C83D-2ED5-4FC0-AF9E-03B859C94D0B}.Debug|x86.ActiveCfg = Debug|Win32
		{A409C83D-2ED5-4FC0-AF9E-03B859C94D0B}.Debug|x86.Build.0 = Debug|Win32
		{A409C83D-2ED5-4FC0-AF9E-03B859C94D0B}.Release|x64.ActiveCfg = Release|x64
		{A409C83D-2ED5-4FC0-AF9E-03B859C94D0B}.Release|x64.Build.0 = Release|x64
		{A409C83D-2ED5-4FC0-AF9E-03B859C94D0B}.Release|x86.ActiveCfg = Release|Win32
		{A409C83D-2ED5-4FC0-AF9E-03B859C94D0B}.Release|x86.Build.0 = Release|Win32
		{D4A41485-8F07-4A21-8340-3611068D443A}.Debug|x64.ActiveCfg = Debug|x64
		{D4A41485-8F07-4A21-8340-3611068D443A}.Debug|x64.Build.0 = Debug|x64
		{D4A41485-8F07-4A21-8340-3611068D443A}.Debug|x86.ActiveCfg = Debug|Win32
		{D4A41485-8F07-4A21-8340-3611068D443A}.Debug|x86.Build.0 = Debug|Win32
		{D4A41485-8F07-4A21-8340-3611068D443A}.Release|x64.ActiveCfg = Release|x64
		{D4A41485-8F07-4A21-8340-3611068D443A}.Release|x64.Build.0 = Release|x64
		{D4A41485-8F07-4A21-8340-3611068D443A}.Release|x86.ActiveCfg = Release|Win32
		{D4A41485-8F07-4A21-8340-3611068D443A}.Release|x86.Build.0 = Release|Win32
		{0088F864-4449-4271-8BB6-A165F68C46B6}.Debug|x64.ActiveCfg = Debug|x64
		{0088F864-4449-4271-8BB6-A165F68C46B6}.Debug|x64.Build.0 = Debug|x64
		{0088F864-4449-4271-8BB6-A165F68C46B6}.Debug|x86.ActiveCfg = Debug|Win32
		{0088F864-4449-4271-8BB6-A165F68C46B6}.Debug|x86.Build.0 = Debug|Win32
		{0088F864-4449-4271-8BB6-A165F68C46B6}.Release|x64.ActiveCfg = Release|x64
		{0088F864-4449-4271-8BB6-A165F68C46B6}.Release|x64.Build.0 = Release|x64
		{0088F864-4449-4271-8BB6-A165F68C46B6}.Release|x86.ActiveCfg = Release|Win32
		{0088F864-4449-4271-8BB6-A165F68C46B6}.Release|x86.Build.0 = Release|Win32
		{378C52A1-ECB4-405D-8521-51311486B197}.Debug|x64.ActiveCfg = Debug|x64
		{378C52A1-ECB4-405D-8521-51311486B197}.Debug|x64.Build.0 = Debug|x64
		{378C52A1-ECB4-405D-8521-51311486B197}.Debug|x86.ActiveCfg = Debug|Win32
		{378C52A1-ECB4-405D-8521-51311486B197}.Debug|x86.Build.0 = Debug|Win32
		{378C52A1-ECB4-405D-8521-51311486B197}.Release|x64.ActiveCfg = Release|x64
		{378C52A1-ECB4-405D-8521-51311486B197}.Release|x64.Build.0 = Release|x64
		{378C52A1-ECB4-405D-8521-51311486B197}.Release|x86.ActiveCfg = Release|Win32
		{378C52A1-ECB4-405D-8521-51311486B197}.Release|x86.Build.0 = Release|Win32
	EndGlobalSection
	GlobalSection(SolutionProperties) = preSolution
		HideSolutionNode = FALSE
	EndGlobalSection
EndGlobal
